
Microsoft Visual Studio Solution File, Format Version 12.00
# Visual Studio Version 16
VisualStudioVersion = 16.0.810.19
MinimumVisualStudioVersion = 10.0.40219.1
Project("{FAE04EC0-301F-11D3-BF4B-00C04F79EFBC}") = "Fiap.Api.AspNet2", "Fiap.Api.AspNet2\Fiap.Api.AspNet2.csproj", "{975B58BC-CC3D-43BF-BCF6-BCFC29C1DE26}"
EndProject
Global
	GlobalSection(SolutionConfigurationPlatforms) = preSolution
		Debug|Any CPU = Debug|Any CPU
		Release|Any CPU = Release|Any CPU
	EndGlobalSection
	GlobalSection(ProjectConfigurationPlatforms) = postSolution
		{975B58BC-CC3D-43BF-BCF6-BCFC29C1DE26}.Debug|Any CPU.ActiveCfg = Debug|Any CPU
		{975B58BC-CC3D-43BF-BCF6-BCFC29C1DE26}.Debug|Any CPU.Build.0 = Debug|Any CPU
		{975B58BC-CC3D-43BF-BCF6-BCFC29C1DE26}.Release|Any CPU.ActiveCfg = Release|Any CPU
		{975B58BC-CC3D-43BF-BCF6-BCFC29C1DE26}.Release|Any CPU.Build.0 = Release|Any CPU
	EndGlobalSection
	GlobalSection(SolutionProperties) = preSolution
		HideSolutionNode = FALSE
	EndGlobalSection
	GlobalSection(ExtensibilityGlobals) = postSolution
		SolutionGuid = {D1EF6097-CF88-413F-8EE8-1B489CDDB07E}
	EndGlobalSection
EndGlobal
